dependencies:
- name: neo4j
  repository: https://neo4j-contrib.github.io/neo4j-helm/
  version: 4.0.4-1
- name: elasticsearch
  repository: https://kubernetes-charts.storage.googleapis.com/
  version: 1.32.0
digest: sha256:d49a9557904feebcb83df3520c1ce5905d947276d92f286b66ac62853cf7e995
generated: "2020-06-24T10:30:23.824429+07:00"
